
Microsoft Visual Studio Solution File, Format Version 12.00
# Visual Studio Version 16
VisualStudioVersion = 16.0.30223.230
MinimumVisualStudioVersion = 10.0.40219.1
Project("{2150E333-8FDC-42A3-9474-1A3956D46DE8}") = "1. Hello World", "1. Hello World", "{BF22DA3B-540B-4499-8DC1-1383A219F060}"
EndProject
Project("{2150E333-8FDC-42A3-9474-1A3956D46DE8}") = "2. Variables", "2. Variables", "{4CAD8EE5-2EF5-41B0-8F5E-EF65A53368DC}"
EndProject
Project("{2150E333-8FDC-42A3-9474-1A3956D46DE8}") = "3. Classes and Methods", "3. Classes and Methods", "{A6FCD2C8-ABE8-400F-A29C-BE61C75A1F79}"
EndProject
Project("{2150E333-8FDC-42A3-9474-1A3956D46DE8}") = "4. Handling Exceptions", "4. Handling Exceptions", "{48EB8337-BA81-44AE-9E92-56A67E6550AB}"
EndProject
Project("{2150E333-8FDC-42A3-9474-1A3956D46DE8}") = "5. Arrays and Collections", "5. Arrays and Collections", "{05596827-EC6D-4225-8EA7-A7FADDA0CCF9}"
EndProject
Project("{2150E333-8FDC-42A3-9474-1A3956D46DE8}") = "10. Encryption and Decryption", "10. Encryption and Decryption", "{C9A75C10-9C1E-4CFE-B9E5-5675DAB90944}"
EndProject
Project("{2150E333-8FDC-42A3-9474-1A3956D46DE8}") = "7. Object Oriented", "7. Object Oriented", "{871724D7-AE35-4CA9-A8D1-52FE1E8E2B81}"
EndProject
Project("{2150E333-8FDC-42A3-9474-1A3956D46DE8}") = "8. Entity Framework", "8. Entity Framework", "{FDAC9C07-9A4A-489E-9394-D91337FFF9D6}"
EndProject
Project("{2150E333-8FDC-42A3-9474-1A3956D46DE8}") = "6. Files and Directories", "6. Files and Directories", "{40942329-E60D-4424-B8B5-4C3512915AAB}"
EndProject
Project("{2150E333-8FDC-42A3-9474-1A3956D46DE8}") = "9. LINQ", "9. LINQ", "{5EFB70B1-9D0B-44C4-9114-4B4257E74F4F}"
EndProject
Project("{2150E333-8FDC-42A3-9474-1A3956D46DE8}") = "WinForms Projects", "WinForms Projects", "{8F321C35-915A-4082-A513-B7AF588CDFF8}"
EndProject
Project("{2150E333-8FDC-42A3-9474-1A3956D46DE8}") = "Coding4Fun", "Coding4Fun", "{BF2C21AA-3A27-4B03-8806-F274003A05AE}"
EndProject
Project("{FAE04EC0-301F-11D3-BF4B-00C04F79EFBC}") = "Hello World (Console)", "1. Hello World\Hello World (Console)\Hello World (Console).csproj", "{154E8DA4-1246-4DF0-8479-3778EC21ACB0}"
EndProject
Project("{FAE04EC0-301F-11D3-BF4B-00C04F79EFBC}") = "Hello World (WinForms)", "1. Hello World\Hello World (WinForms)\Hello World (WinForms).csproj", "{A722C13C-3686-462B-9173-1498ADF82E00}"
EndProject
Project("{9A19103F-16F7-4668-BE54-9A1E7A4F7556}") = "Hello World (Web)", "1. Hello World\Hello World (Web)\Hello World (Web).csproj", "{A0857EF0-418A-4BB1-A084-18DF7866B33E}"
EndProject
Project("{FAE04EC0-301F-11D3-BF4B-00C04F79EFBC}") = "Hello World (WPF)", "1. Hello World\Hello World (WPF)\Hello World (WPF).csproj", "{2C94DFFE-C6FD-4951-A720-E171BAEA9289}"
EndProject
Project("{FAE04EC0-301F-11D3-BF4B-00C04F79EFBC}") = "ClickMe", "Coding4Fun\ClickMe\ClickMe.csproj", "{AA45D2CE-0368-407C-ABCF-D1E0043F4CE8}"
EndProject
Project("{FAE04EC0-301F-11D3-BF4B-00C04F79EFBC}") = "Casting and Type Conversions", "2. Variables\Casting and Type Conversions\Casting and Type Conversions.csproj", "{2628F17D-61B1-49E9-B5DF-8C6DDF8176E2}"
EndProject
Project("{FAE04EC0-301F-11D3-BF4B-00C04F79EFBC}") = "Data Types and Variables (Console)", "2. Variables\Data Types and Variables (Console)\Data Types and Variables (Console).csproj", "{ADABC4BD-DCC6-4034-BA31-BEBA648C90A6}"
EndProject
Project("{FAE04EC0-301F-11D3-BF4B-00C04F79EFBC}") = "PizzaWow", "WinForms Projects\PizzaWow\PizzaWow.csproj", "{B5F552A8-1CEF-43E3-A6A3-AFC89BF0DD84}"
EndProject
Project("{FAE04EC0-301F-11D3-BF4B-00C04F79EFBC}") = "Basic CRUD with EF", "8. Entity Framework\Basic CRUD with EF\Basic CRUD with EF.csproj", "{F0998324-0E5C-4832-810E-3FCB5050D7C4}"
EndProject
Project("{FAE04EC0-301F-11D3-BF4B-00C04F79EFBC}") = "Citation", "WinForms Projects\Citation\Citation.csproj", "{F1F99D0B-AC2D-4798-A7A5-FDAC945F21B7}"
EndProject
Project("{FAE04EC0-301F-11D3-BF4B-00C04F79EFBC}") = "HandlingExceptions", "4. HandlingExceptions\HandlingExceptions\HandlingExceptions.csproj", "{7CEE6915-4EA1-4950-8F78-E34D654AE5F3}"
EndProject
Project("{FAE04EC0-301F-11D3-BF4B-00C04F79EFBC}") = "Polymorphism", "7. Object Oriented\Polymorphism\Polymorphism\Polymorphism.csproj", "{2A4BA6DB-E1BE-4DB3-AFED-6CAAAD0FB3C4}"
EndProject
Project("{FAE04EC0-301F-11D3-BF4B-00C04F79EFBC}") = "Abstract", "7. Object Oriented\Abstract\Abstract\Abstract.csproj", "{D80C69CD-1F70-4AC9-BB85-5934A3605F71}"
EndProject
Project("{FAE04EC0-301F-11D3-BF4B-00C04F79EFBC}") = "Hashing", "10. Encryption and Decryption\Hashing\Hashing\Hashing.csproj", "{57553BE6-41DE-4881-A34D-5C27912E983E}"
EndProject
Project("{FAE04EC0-301F-11D3-BF4B-00C04F79EFBC}") = "Files and Directories", "6. Files and Directories\Files and Directories\Files and Directories\Files and Directories.csproj", "{B65B8AF4-8020-4141-84E5-FF305CB41CF2}"
EndProject
Project("{FAE04EC0-301F-11D3-BF4B-00C04F79EFBC}") = "Arrays", "5. Arrays and Collections\Arrays\Arrays.csproj", "{7A564CEB-1906-4580-8FE7-5B45D9702261}"
EndProject
Project("{FAE04EC0-301F-11D3-BF4B-00C04F79EFBC}") = "Encoding", "6. Files and Directories\Encoding\Encoding.csproj", "{F7F26CAE-A632-473C-B25D-2A5527217C92}"
EndProject
Project("{FAE04EC0-301F-11D3-BF4B-00C04F79EFBC}") = "Working With JSON", "6. Files and Directories\Working with JSON\Working With JSON\Working With JSON.csproj", "{F914C0FF-7C80-4361-BD3A-35AD2F1E38BD}"
EndProject
Project("{FAE04EC0-301F-11D3-BF4B-00C04F79EFBC}") = "Working with XML", "6. Files and Directories\Working with XML\Working with XML\Working with XML.csproj", "{522FF6EF-8E57-4027-A33E-0CFE01C3FF03}"
EndProject
Project("{FAE04EC0-301F-11D3-BF4B-00C04F79EFBC}") = "File Encryption", "10. Encryption and Decryption\File Encryption\File Encryption\File Encryption.csproj", "{2D3C9155-961D-4754-9436-97A68EAF2787}"
EndProject
Project("{2150E333-8FDC-42A3-9474-1A3956D46DE8}") = "Resources", "Resources", "{11461D25-EDEC-4E48-9CF9-D8AD90038FCD}"
	ProjectSection(SolutionItems) = preProject
		Resources\DotNET Value and Reference types diagram.jpg = Resources\DotNET Value and Reference types diagram.jpg
	EndProjectSection
EndProject
Project("{FAE04EC0-301F-11D3-BF4B-00C04F79EFBC}") = "Classes", "3. Classes and Methods\Classes\Classes.csproj", "{4B5C4177-6561-4D9C-9336-5C83C5AA69ED}"
EndProject
Project("{FAE04EC0-301F-11D3-BF4B-00C04F79EFBC}") = "Methods", "3. Classes and Methods\Methods\Methods.csproj", "{9E448AD1-7031-4B92-8319-1A4DAE63D519}"
EndProject
Project("{FAE04EC0-301F-11D3-BF4B-00C04F79EFBC}") = "Language INtegrated Query", "9. LINQ\Language INtegrated Query\Language INtegrated Query.csproj", "{BE657984-8CBC-41DB-9926-19EC4A22852E}"
EndProject
Project("{FAE04EC0-301F-11D3-BF4B-00C04F79EFBC}") = "Lambda", "9. LINQ\Lambda\Lambda\Lambda.csproj", "{03AF2229-519F-44E0-A4C6-72ABE63B43FF}"
EndProject
Project("{FAE04EC0-301F-11D3-BF4B-00C04F79EFBC}") = "Delegates", "3. Classes and Methods\Delegates\Delegates\Delegates.csproj", "{883ACD00-CA86-452E-A26C-429C0B681242}"
EndProject
Project("{FAE04EC0-301F-11D3-BF4B-00C04F79EFBC}") = "Arrays and Collections", "5. Arrays and Collections\Arrays and Collections\Arrays and Collections\Arrays and Collections.csproj", "{9D83BE9D-5920-4E68-876F-65B6A34E1E3D}"
EndProject
Project("{2150E333-8FDC-42A3-9474-1A3956D46DE8}") = "Remote Access", "Remote Access", "{39EF437E-74F8-46EC-A6CE-B0DB5B63ABD5}"
EndProject
Project("{9A19103F-16F7-4668-BE54-9A1E7A4F7556}") = "WeatherForecast Web API", "Remote Access\REST APIs\WeatherForecast Web API\WeatherForecast Web API.csproj", "{E7294B24-5A05-45FC-A56E-9885192EE3C6}"
EndProject
Project("{FAE04EC0-301F-11D3-BF4B-00C04F79EFBC}") = "WeatherForecast Web API Client", "Remote Access\REST APIs\WeatherForecast Web API Client\WeatherForecast Web API Client.csproj", "{C22840E2-8C7D-45EB-863C-10880B10C9BD}"
EndProject
Project("{FAE04EC0-301F-11D3-BF4B-00C04F79EFBC}") = "Temperature Conversion", "3. Classes and Methods\Assembly\Temperature Conversion\Temperature Conversion.csproj", "{BFDBD03E-2EB3-4B56-87CD-1C5AF58C4455}"
EndProject
Project("{FAE04EC0-301F-11D3-BF4B-00C04F79EFBC}") = "TemperatureConversionLib", "3. Classes and Methods\Assembly\TemperatureConversionLib\TemperatureConversionLib.csproj", "{C8DD233D-C707-43BC-AAD5-F23CF676545F}"
EndProject
Global
	GlobalSection(SolutionConfigurationPlatforms) = preSolution
		Debug|Any CPU = Debug|Any CPU
		Release|Any CPU = Release|Any CPU
	EndGlobalSection
	GlobalSection(ProjectConfigurationPlatforms) = postSolution
		{154E8DA4-1246-4DF0-8479-3778EC21ACB0}.Debug|Any CPU.ActiveCfg = Debug|Any CPU
		{154E8DA4-1246-4DF0-8479-3778EC21ACB0}.Debug|Any CPU.Build.0 = Debug|Any CPU
		{154E8DA4-1246-4DF0-8479-3778EC21ACB0}.Release|Any CPU.ActiveCfg = Release|Any CPU
		{154E8DA4-1246-4DF0-8479-3778EC21ACB0}.Release|Any CPU.Build.0 = Release|Any CPU
		{A722C13C-3686-462B-9173-1498ADF82E00}.Debug|Any CPU.ActiveCfg = Debug|Any CPU
		{A722C13C-3686-462B-9173-1498ADF82E00}.Debug|Any CPU.Build.0 = Debug|Any CPU
		{A722C13C-3686-462B-9173-1498ADF82E00}.Release|Any CPU.ActiveCfg = Release|Any CPU
		{A722C13C-3686-462B-9173-1498ADF82E00}.Release|Any CPU.Build.0 = Release|Any CPU
		{A0857EF0-418A-4BB1-A084-18DF7866B33E}.Debug|Any CPU.ActiveCfg = Debug|Any CPU
		{A0857EF0-418A-4BB1-A084-18DF7866B33E}.Debug|Any CPU.Build.0 = Debug|Any CPU
		{A0857EF0-418A-4BB1-A084-18DF7866B33E}.Release|Any CPU.ActiveCfg = Release|Any CPU
		{A0857EF0-418A-4BB1-A084-18DF7866B33E}.Release|Any CPU.Build.0 = Release|Any CPU
		{2C94DFFE-C6FD-4951-A720-E171BAEA9289}.Debug|Any CPU.ActiveCfg = Debug|Any CPU
		{2C94DFFE-C6FD-4951-A720-E171BAEA9289}.Debug|Any CPU.Build.0 = Debug|Any CPU
		{2C94DFFE-C6FD-4951-A720-E171BAEA9289}.Release|Any CPU.ActiveCfg = Release|Any CPU
		{2C94DFFE-C6FD-4951-A720-E171BAEA9289}.Release|Any CPU.Build.0 = Release|Any CPU
		{AA45D2CE-0368-407C-ABCF-D1E0043F4CE8}.Debug|Any CPU.ActiveCfg = Debug|Any CPU
		{AA45D2CE-0368-407C-ABCF-D1E0043F4CE8}.Debug|Any CPU.Build.0 = Debug|Any CPU
		{AA45D2CE-0368-407C-ABCF-D1E0043F4CE8}.Release|Any CPU.ActiveCfg = Release|Any CPU
		{AA45D2CE-0368-407C-ABCF-D1E0043F4CE8}.Release|Any CPU.Build.0 = Release|Any CPU
		{2628F17D-61B1-49E9-B5DF-8C6DDF8176E2}.Debug|Any CPU.ActiveCfg = Debug|Any CPU
		{2628F17D-61B1-49E9-B5DF-8C6DDF8176E2}.Debug|Any CPU.Build.0 = Debug|Any CPU
		{2628F17D-61B1-49E9-B5DF-8C6DDF8176E2}.Release|Any CPU.ActiveCfg = Release|Any CPU
		{2628F17D-61B1-49E9-B5DF-8C6DDF8176E2}.Release|Any CPU.Build.0 = Release|Any CPU
		{ADABC4BD-DCC6-4034-BA31-BEBA648C90A6}.Debug|Any CPU.ActiveCfg = Debug|Any CPU
		{ADABC4BD-DCC6-4034-BA31-BEBA648C90A6}.Debug|Any CPU.Build.0 = Debug|Any CPU
		{ADABC4BD-DCC6-4034-BA31-BEBA648C90A6}.Release|Any CPU.ActiveCfg = Release|Any CPU
		{ADABC4BD-DCC6-4034-BA31-BEBA648C90A6}.Release|Any CPU.Build.0 = Release|Any CPU
		{B5F552A8-1CEF-43E3-A6A3-AFC89BF0DD84}.Debug|Any CPU.ActiveCfg = Debug|Any CPU
		{B5F552A8-1CEF-43E3-A6A3-AFC89BF0DD84}.Debug|Any CPU.Build.0 = Debug|Any CPU
		{B5F552A8-1CEF-43E3-A6A3-AFC89BF0DD84}.Release|Any CPU.ActiveCfg = Release|Any CPU
		{B5F552A8-1CEF-43E3-A6A3-AFC89BF0DD84}.Release|Any CPU.Build.0 = Release|Any CPU
		{F0998324-0E5C-4832-810E-3FCB5050D7C4}.Debug|Any CPU.ActiveCfg = Debug|Any CPU
		{F0998324-0E5C-4832-810E-3FCB5050D7C4}.Debug|Any CPU.Build.0 = Debug|Any CPU
		{F0998324-0E5C-4832-810E-3FCB5050D7C4}.Release|Any CPU.ActiveCfg = Release|Any CPU
		{F0998324-0E5C-4832-810E-3FCB5050D7C4}.Release|Any CPU.Build.0 = Release|Any CPU
		{F1F99D0B-AC2D-4798-A7A5-FDAC945F21B7}.Debug|Any CPU.ActiveCfg = Debug|Any CPU
		{F1F99D0B-AC2D-4798-A7A5-FDAC945F21B7}.Debug|Any CPU.Build.0 = Debug|Any CPU
		{F1F99D0B-AC2D-4798-A7A5-FDAC945F21B7}.Release|Any CPU.ActiveCfg = Release|Any CPU
		{F1F99D0B-AC2D-4798-A7A5-FDAC945F21B7}.Release|Any CPU.Build.0 = Release|Any CPU
		{7CEE6915-4EA1-4950-8F78-E34D654AE5F3}.Debug|Any CPU.ActiveCfg = Debug|Any CPU
		{7CEE6915-4EA1-4950-8F78-E34D654AE5F3}.Debug|Any CPU.Build.0 = Debug|Any CPU
		{7CEE6915-4EA1-4950-8F78-E34D654AE5F3}.Release|Any CPU.ActiveCfg = Release|Any CPU
		{7CEE6915-4EA1-4950-8F78-E34D654AE5F3}.Release|Any CPU.Build.0 = Release|Any CPU
		{2A4BA6DB-E1BE-4DB3-AFED-6CAAAD0FB3C4}.Debug|Any CPU.ActiveCfg = Debug|Any CPU
		{2A4BA6DB-E1BE-4DB3-AFED-6CAAAD0FB3C4}.Debug|Any CPU.Build.0 = Debug|Any CPU
		{2A4BA6DB-E1BE-4DB3-AFED-6CAAAD0FB3C4}.Release|Any CPU.ActiveCfg = Release|Any CPU
		{2A4BA6DB-E1BE-4DB3-AFED-6CAAAD0FB3C4}.Release|Any CPU.Build.0 = Release|Any CPU
		{D80C69CD-1F70-4AC9-BB85-5934A3605F71}.Debug|Any CPU.ActiveCfg = Debug|Any CPU
		{D80C69CD-1F70-4AC9-BB85-5934A3605F71}.Debug|Any CPU.Build.0 = Debug|Any CPU
		{D80C69CD-1F70-4AC9-BB85-5934A3605F71}.Release|Any CPU.ActiveCfg = Release|Any CPU
		{D80C69CD-1F70-4AC9-BB85-5934A3605F71}.Release|Any CPU.Build.0 = Release|Any CPU
		{57553BE6-41DE-4881-A34D-5C27912E983E}.Debug|Any CPU.ActiveCfg = Debug|Any CPU
		{57553BE6-41DE-4881-A34D-5C27912E983E}.Debug|Any CPU.Build.0 = Debug|Any CPU
		{57553BE6-41DE-4881-A34D-5C27912E983E}.Release|Any CPU.ActiveCfg = Release|Any CPU
		{57553BE6-41DE-4881-A34D-5C27912E983E}.Release|Any CPU.Build.0 = Release|Any CPU
		{B65B8AF4-8020-4141-84E5-FF305CB41CF2}.Debug|Any CPU.ActiveCfg = Debug|Any CPU
		{B65B8AF4-8020-4141-84E5-FF305CB41CF2}.Debug|Any CPU.Build.0 = Debug|Any CPU
		{B65B8AF4-8020-4141-84E5-FF305CB41CF2}.Release|Any CPU.ActiveCfg = Release|Any CPU
		{B65B8AF4-8020-4141-84E5-FF305CB41CF2}.Release|Any CPU.Build.0 = Release|Any CPU
		{7A564CEB-1906-4580-8FE7-5B45D9702261}.Debug|Any CPU.ActiveCfg = Debug|Any CPU
		{7A564CEB-1906-4580-8FE7-5B45D9702261}.Debug|Any CPU.Build.0 = Debug|Any CPU
		{7A564CEB-1906-4580-8FE7-5B45D9702261}.Release|Any CPU.ActiveCfg = Release|Any CPU
		{7A564CEB-1906-4580-8FE7-5B45D9702261}.Release|Any CPU.Build.0 = Release|Any CPU
		{F7F26CAE-A632-473C-B25D-2A5527217C92}.Debug|Any CPU.ActiveCfg = Debug|Any CPU
		{F7F26CAE-A632-473C-B25D-2A5527217C92}.Debug|Any CPU.Build.0 = Debug|Any CPU
		{F7F26CAE-A632-473C-B25D-2A5527217C92}.Release|Any CPU.ActiveCfg = Release|Any CPU
		{F7F26CAE-A632-473C-B25D-2A5527217C92}.Release|Any CPU.Build.0 = Release|Any CPU
		{F914C0FF-7C80-4361-BD3A-35AD2F1E38BD}.Debug|Any CPU.ActiveCfg = Debug|Any CPU
		{F914C0FF-7C80-4361-BD3A-35AD2F1E38BD}.Debug|Any CPU.Build.0 = Debug|Any CPU
		{F914C0FF-7C80-4361-BD3A-35AD2F1E38BD}.Release|Any CPU.ActiveCfg = Release|Any CPU
		{F914C0FF-7C80-4361-BD3A-35AD2F1E38BD}.Release|Any CPU.Build.0 = Release|Any CPU
		{522FF6EF-8E57-4027-A33E-0CFE01C3FF03}.Debug|Any CPU.ActiveCfg = Debug|Any CPU
		{522FF6EF-8E57-4027-A33E-0CFE01C3FF03}.Debug|Any CPU.Build.0 = Debug|Any CPU
		{522FF6EF-8E57-4027-A33E-0CFE01C3FF03}.Release|Any CPU.ActiveCfg = Release|Any CPU
		{522FF6EF-8E57-4027-A33E-0CFE01C3FF03}.Release|Any CPU.Build.0 = Release|Any CPU
		{2D3C9155-961D-4754-9436-97A68EAF2787}.Debug|Any CPU.ActiveCfg = Debug|Any CPU
		{2D3C9155-961D-4754-9436-97A68EAF2787}.Debug|Any CPU.Build.0 = Debug|Any CPU
		{2D3C9155-961D-4754-9436-97A68EAF2787}.Release|Any CPU.ActiveCfg = Release|Any CPU
		{2D3C9155-961D-4754-9436-97A68EAF2787}.Release|Any CPU.Build.0 = Release|Any CPU
		{4B5C4177-6561-4D9C-9336-5C83C5AA69ED}.Debug|Any CPU.ActiveCfg = Debug|Any CPU
		{4B5C4177-6561-4D9C-9336-5C83C5AA69ED}.Debug|Any CPU.Build.0 = Debug|Any CPU
		{4B5C4177-6561-4D9C-9336-5C83C5AA69ED}.Release|Any CPU.ActiveCfg = Release|Any CPU
		{4B5C4177-6561-4D9C-9336-5C83C5AA69ED}.Release|Any CPU.Build.0 = Release|Any CPU
		{9E448AD1-7031-4B92-8319-1A4DAE63D519}.Debug|Any CPU.ActiveCfg = Debug|Any CPU
		{9E448AD1-7031-4B92-8319-1A4DAE63D519}.Debug|Any CPU.Build.0 = Debug|Any CPU
		{9E448AD1-7031-4B92-8319-1A4DAE63D519}.Release|Any CPU.ActiveCfg = Release|Any CPU
		{9E448AD1-7031-4B92-8319-1A4DAE63D519}.Release|Any CPU.Build.0 = Release|Any CPU
		{BE657984-8CBC-41DB-9926-19EC4A22852E}.Debug|Any CPU.ActiveCfg = Debug|Any CPU
		{BE657984-8CBC-41DB-9926-19EC4A22852E}.Debug|Any CPU.Build.0 = Debug|Any CPU
		{BE657984-8CBC-41DB-9926-19EC4A22852E}.Release|Any CPU.ActiveCfg = Release|Any CPU
		{BE657984-8CBC-41DB-9926-19EC4A22852E}.Release|Any CPU.Build.0 = Release|Any CPU
		{03AF2229-519F-44E0-A4C6-72ABE63B43FF}.Debug|Any CPU.ActiveCfg = Debug|Any CPU
		{03AF2229-519F-44E0-A4C6-72ABE63B43FF}.Debug|Any CPU.Build.0 = Debug|Any CPU
		{03AF2229-519F-44E0-A4C6-72ABE63B43FF}.Release|Any CPU.ActiveCfg = Release|Any CPU
		{03AF2229-519F-44E0-A4C6-72ABE63B43FF}.Release|Any CPU.Build.0 = Release|Any CPU
		{883ACD00-CA86-452E-A26C-429C0B681242}.Debug|Any CPU.ActiveCfg = Debug|Any CPU
		{883ACD00-CA86-452E-A26C-429C0B681242}.Debug|Any CPU.Build.0 = Debug|Any CPU
		{883ACD00-CA86-452E-A26C-429C0B681242}.Release|Any CPU.ActiveCfg = Release|Any CPU
		{883ACD00-CA86-452E-A26C-429C0B681242}.Release|Any CPU.Build.0 = Release|Any CPU
		{9D83BE9D-5920-4E68-876F-65B6A34E1E3D}.Debug|Any CPU.ActiveCfg = Debug|Any CPU
		{9D83BE9D-5920-4E68-876F-65B6A34E1E3D}.Debug|Any CPU.Build.0 = Debug|Any CPU
		{9D83BE9D-5920-4E68-876F-65B6A34E1E3D}.Release|Any CPU.ActiveCfg = Release|Any CPU
		{9D83BE9D-5920-4E68-876F-65B6A34E1E3D}.Release|Any CPU.Build.0 = Release|Any CPU
		{E7294B24-5A05-45FC-A56E-9885192EE3C6}.Debug|Any CPU.ActiveCfg = Debug|Any CPU
		{E7294B24-5A05-45FC-A56E-9885192EE3C6}.Debug|Any CPU.Build.0 = Debug|Any CPU
		{E7294B24-5A05-45FC-A56E-9885192EE3C6}.Release|Any CPU.ActiveCfg = Release|Any CPU
		{E7294B24-5A05-45FC-A56E-9885192EE3C6}.Release|Any CPU.Build.0 = Release|Any CPU
		{C22840E2-8C7D-45EB-863C-10880B10C9BD}.Debug|Any CPU.ActiveCfg = Debug|Any CPU
		{C22840E2-8C7D-45EB-863C-10880B10C9BD}.Debug|Any CPU.Build.0 = Debug|Any CPU
		{C22840E2-8C7D-45EB-863C-10880B10C9BD}.Release|Any CPU.ActiveCfg = Release|Any CPU
		{C22840E2-8C7D-45EB-863C-10880B10C9BD}.Release|Any CPU.Build.0 = Release|Any CPU
		{BFDBD03E-2EB3-4B56-87CD-1C5AF58C4455}.Debug|Any CPU.ActiveCfg = Debug|Any CPU
		{BFDBD03E-2EB3-4B56-87CD-1C5AF58C4455}.Debug|Any CPU.Build.0 = Debug|Any CPU
		{BFDBD03E-2EB3-4B56-87CD-1C5AF58C4455}.Release|Any CPU.ActiveCfg = Release|Any CPU
		{BFDBD03E-2EB3-4B56-87CD-1C5AF58C4455}.Release|Any CPU.Build.0 = Release|Any CPU
		{C8DD233D-C707-43BC-AAD5-F23CF676545F}.Debug|Any CPU.ActiveCfg = Debug|Any CPU
		{C8DD233D-C707-43BC-AAD5-F23CF676545F}.Debug|Any CPU.Build.0 = Debug|Any CPU
		{C8DD233D-C707-43BC-AAD5-F23CF676545F}.Release|Any CPU.ActiveCfg = Release|Any CPU
		{C8DD233D-C707-43BC-AAD5-F23CF676545F}.Release|Any CPU.Build.0 = Release|Any CPU
	EndGlobalSection
	GlobalSection(SolutionProperties) = preSolution
		HideSolutionNode = FALSE
	EndGlobalSection
	GlobalSection(NestedProjects) = preSolution
		{154E8DA4-1246-4DF0-8479-3778EC21ACB0} = {BF22DA3B-540B-4499-8DC1-1383A219F060}
		{A722C13C-3686-462B-9173-1498ADF82E00} = {BF22DA3B-540B-4499-8DC1-1383A219F060}
		{A0857EF0-418A-4BB1-A084-18DF7866B33E} = {BF22DA3B-540B-4499-8DC1-1383A219F060}
		{2C94DFFE-C6FD-4951-A720-E171BAEA9289} = {BF22DA3B-540B-4499-8DC1-1383A219F060}
		{AA45D2CE-0368-407C-ABCF-D1E0043F4CE8} = {BF2C21AA-3A27-4B03-8806-F274003A05AE}
		{2628F17D-61B1-49E9-B5DF-8C6DDF8176E2} = {4CAD8EE5-2EF5-41B0-8F5E-EF65A53368DC}
		{ADABC4BD-DCC6-4034-BA31-BEBA648C90A6} = {4CAD8EE5-2EF5-41B0-8F5E-EF65A53368DC}
		{B5F552A8-1CEF-43E3-A6A3-AFC89BF0DD84} = {8F321C35-915A-4082-A513-B7AF588CDFF8}
		{F0998324-0E5C-4832-810E-3FCB5050D7C4} = {FDAC9C07-9A4A-489E-9394-D91337FFF9D6}
		{F1F99D0B-AC2D-4798-A7A5-FDAC945F21B7} = {8F321C35-915A-4082-A513-B7AF588CDFF8}
		{7CEE6915-4EA1-4950-8F78-E34D654AE5F3} = {48EB8337-BA81-44AE-9E92-56A67E6550AB}
		{2A4BA6DB-E1BE-4DB3-AFED-6CAAAD0FB3C4} = {871724D7-AE35-4CA9-A8D1-52FE1E8E2B81}
		{D80C69CD-1F70-4AC9-BB85-5934A3605F71} = {871724D7-AE35-4CA9-A8D1-52FE1E8E2B81}
		{57553BE6-41DE-4881-A34D-5C27912E983E} = {C9A75C10-9C1E-4CFE-B9E5-5675DAB90944}
		{B65B8AF4-8020-4141-84E5-FF305CB41CF2} = {40942329-E60D-4424-B8B5-4C3512915AAB}
		{7A564CEB-1906-4580-8FE7-5B45D9702261} = {05596827-EC6D-4225-8EA7-A7FADDA0CCF9}
		{F7F26CAE-A632-473C-B25D-2A5527217C92} = {40942329-E60D-4424-B8B5-4C3512915AAB}
		{F914C0FF-7C80-4361-BD3A-35AD2F1E38BD} = {40942329-E60D-4424-B8B5-4C3512915AAB}
		{522FF6EF-8E57-4027-A33E-0CFE01C3FF03} = {40942329-E60D-4424-B8B5-4C3512915AAB}
		{2D3C9155-961D-4754-9436-97A68EAF2787} = {C9A75C10-9C1E-4CFE-B9E5-5675DAB90944}
		{4B5C4177-6561-4D9C-9336-5C83C5AA69ED} = {A6FCD2C8-ABE8-400F-A29C-BE61C75A1F79}
		{9E448AD1-7031-4B92-8319-1A4DAE63D519} = {A6FCD2C8-ABE8-400F-A29C-BE61C75A1F79}
		{BE657984-8CBC-41DB-9926-19EC4A22852E} = {5EFB70B1-9D0B-44C4-9114-4B4257E74F4F}
		{03AF2229-519F-44E0-A4C6-72ABE63B43FF} = {5EFB70B1-9D0B-44C4-9114-4B4257E74F4F}
		{883ACD00-CA86-452E-A26C-429C0B681242} = {5EFB70B1-9D0B-44C4-9114-4B4257E74F4F}
		{9D83BE9D-5920-4E68-876F-65B6A34E1E3D} = {05596827-EC6D-4225-8EA7-A7FADDA0CCF9}
		{E7294B24-5A05-45FC-A56E-9885192EE3C6} = {39EF437E-74F8-46EC-A6CE-B0DB5B63ABD5}
		{C22840E2-8C7D-45EB-863C-10880B10C9BD} = {39EF437E-74F8-46EC-A6CE-B0DB5B63ABD5}
		{BFDBD03E-2EB3-4B56-87CD-1C5AF58C4455} = {A6FCD2C8-ABE8-400F-A29C-BE61C75A1F79}
		{C8DD233D-C707-43BC-AAD5-F23CF676545F} = {A6FCD2C8-ABE8-400F-A29C-BE61C75A1F79}
	EndGlobalSection
	GlobalSection(ExtensibilityGlobals) = postSolution
		SolutionGuid = {1961C974-2D3B-4468-84EA-EAD1AD915E22}
	EndGlobalSection
EndGlobal
